
Microsoft Visual Studio Solution File, Format Version 12.00
# Visual Studio 15
VisualStudioVersion = 15.0.27004.2008
MinimumVisualStudioVersion = 10.0.40219.1
Project("{2150E333-8FDC-42A3-9474-1A3956D46DE8}") = "src", "src", "{C6EA3735-E76E-4E17-B7F4-5F7A05573787}"
EndProject
Project("{9A19103F-16F7-4668-BE54-9A1E7A4F7556}") = "Template.Api", "src\Template.Api\Template.Api.csproj", "{64999CED-349B-4462-A625-E097E6A28644}"
EndProject
Project("{2150E333-8FDC-42A3-9474-1A3956D46DE8}") = "Solution Items", "Solution Items", "{C4F00ACB-BBA8-46DD-88A6-8D3722928F29}"
	ProjectSection(SolutionItems) = preProject
		.editorconfig = .editorconfig
		.gitattributes = .gitattributes
		.gitignore = .gitignore
		appveyor.yml = appveyor.yml
		build.cake = build.cake
		build.ps1 = build.ps1
		build.sh = build.sh
		cake.config = cake.config
		README.md = README.md
	EndProjectSection
EndProject
Project("{FAE04EC0-301F-11D3-BF4B-00C04F79EFBC}") = "Template.Api.Common", "src\Template.Api.Common\Template.Api.Common.csproj", "{D703146F-57BF-4906-93CB-53CCD5D985D9}"
EndProject
Project("{FAE04EC0-301F-11D3-BF4B-00C04F79EFBC}") = "Template.Api.Cqs", "src\Template.Api.Cqs\Template.Api.Cqs.csproj", "{25CF6779-1A8C-4B25-8EC6-0F2B510EBEC3}"
EndProject
Global
	GlobalSection(SolutionConfigurationPlatforms) = preSolution
		Debug|Any CPU = Debug|Any CPU
		Release|Any CPU = Release|Any CPU
	EndGlobalSection
	GlobalSection(ProjectConfigurationPlatforms) = postSolution
		{64999CED-349B-4462-A625-E097E6A28644}.Debug|Any CPU.ActiveCfg = Debug|Any CPU
		{64999CED-349B-4462-A625-E097E6A28644}.Debug|Any CPU.Build.0 = Debug|Any CPU
		{64999CED-349B-4462-A625-E097E6A28644}.Release|Any CPU.ActiveCfg = Release|Any CPU
		{64999CED-349B-4462-A625-E097E6A28644}.Release|Any CPU.Build.0 = Release|Any CPU
		{D703146F-57BF-4906-93CB-53CCD5D985D9}.Debug|Any CPU.ActiveCfg = Debug|Any CPU
		{D703146F-57BF-4906-93CB-53CCD5D985D9}.Debug|Any CPU.Build.0 = Debug|Any CPU
		{D703146F-57BF-4906-93CB-53CCD5D985D9}.Release|Any CPU.ActiveCfg = Release|Any CPU
		{D703146F-57BF-4906-93CB-53CCD5D985D9}.Release|Any CPU.Build.0 = Release|Any CPU
		{25CF6779-1A8C-4B25-8EC6-0F2B510EBEC3}.Debug|Any CPU.ActiveCfg = Debug|Any CPU
		{25CF6779-1A8C-4B25-8EC6-0F2B510EBEC3}.Debug|Any CPU.Build.0 = Debug|Any CPU
		{25CF6779-1A8C-4B25-8EC6-0F2B510EBEC3}.Release|Any CPU.ActiveCfg = Release|Any CPU
		{25CF6779-1A8C-4B25-8EC6-0F2B510EBEC3}.Release|Any CPU.Build.0 = Release|Any CPU
	EndGlobalSection
	GlobalSection(SolutionProperties) = preSolution
		HideSolutionNode = FALSE
	EndGlobalSection
	GlobalSection(NestedProjects) = preSolution
		{64999CED-349B-4462-A625-E097E6A28644} = {C6EA3735-E76E-4E17-B7F4-5F7A05573787}
		{D703146F-57BF-4906-93CB-53CCD5D985D9} = {C6EA3735-E76E-4E17-B7F4-5F7A05573787}
		{25CF6779-1A8C-4B25-8EC6-0F2B510EBEC3} = {C6EA3735-E76E-4E17-B7F4-5F7A05573787}
	EndGlobalSection
	GlobalSection(ExtensibilityGlobals) = postSolution
		SolutionGuid = {71732A0A-9308-4FA5-A695-12AC5E3C3C5E}
	EndGlobalSection
EndGlobal
